
Microsoft Visual Studio Solution File, Format Version 12.00
# Visual Studio Version 17
VisualStudioVersion = 17.0.31903.59
MinimumVisualStudioVersion = 10.0.40219.1
Project("{FAE04EC0-301F-11D3-BF4B-00C04F79EFBC}") = "NTar.Tests", "NTar.Tests\NTar.Tests.csproj", "{A0C5CB5F-5568-40AB-B945-D6D2664D51B0}"
EndProject
Project("{2150E333-8FDC-42A3-9474-1A3956D46DE8}") = "Build", "Build", "{061866E2-005C-4D13-A338-EA464BBEC60F}"
	ProjectSection(SolutionItems) = preProject
		..\LICENSE.txt = ..\LICENSE.txt
	EndProjectSection
EndProject
Project("{FAE04EC0-301F-11D3-BF4B-00C04F79EFBC}") = "NTar", "NTar\NTar.csproj", "{34F81AA5-B69A-1563-F24B-1C7275A7E55C}"
EndProject
Global
	GlobalSection(SolutionConfigurationPlatforms) = preSolution
		Debug|Any CPU = Debug|Any CPU
		Release|Any CPU = Release|Any CPU
	EndGlobalSection
	GlobalSection(ProjectConfigurationPlatforms) = postSolution
		{A0C5CB5F-5568-40AB-B945-D6D2664D51B0}.Debug|Any CPU.ActiveCfg = Debug|Any CPU
		{A0C5CB5F-5568-40AB-B945-D6D2664D51B0}.Debug|Any CPU.Build.0 = Debug|Any CPU
		{A0C5CB5F-5568-40AB-B945-D6D2664D51B0}.Release|Any CPU.ActiveCfg = Release|Any CPU
		{A0C5CB5F-5568-40AB-B945-D6D2664D51B0}.Release|Any CPU.Build.0 = Release|Any CPU
		{34F81AA5-B69A-1563-F24B-1C7275A7E55C}.Debug|Any CPU.ActiveCfg = Debug|Any CPU
		{34F81AA5-B69A-1563-F24B-1C7275A7E55C}.Debug|Any CPU.Build.0 = Debug|Any CPU
		{34F81AA5-B69A-1563-F24B-1C7275A7E55C}.Release|Any CPU.ActiveCfg = Release|Any CPU
		{34F81AA5-B69A-1563-F24B-1C7275A7E55C}.Release|Any CPU.Build.0 = Release|Any CPU
	EndGlobalSection
	GlobalSection(SolutionProperties) = preSolution
		HideSolutionNode = FALSE
	EndGlobalSection
EndGlobal
